
Microsoft Visual Studio Solution File, Format Version 12.00
# Visual Studio Version 17
VisualStudioVersion = 17.6.33723.286
MinimumVisualStudioVersion = 10.0.40219.1
Project("{FAE04EC0-301F-11D3-BF4B-00C04F79EFBC}") = "ConsoleApp_First", "ConsoleApp_First\ConsoleApp_First.csproj", "{0E1D51A9-8EAC-4FA6-AFC8-B6B340E8B668}"
EndProject
Global
	GlobalSection(SolutionConfigurationPlatforms) = preSolution
		Debug|Any CPU = Debug|Any CPU
		Release|Any CPU = Release|Any CPU
	EndGlobalSection
	GlobalSection(ProjectConfigurationPlatforms) = postSolution
		{0E1D51A9-8EAC-4FA6-AFC8-B6B340E8B668}.Debug|Any CPU.ActiveCfg = Debug|Any CPU
		{0E1D51A9-8EAC-4FA6-AFC8-B6B340E8B668}.Debug|Any CPU.Build.0 = Debug|Any CPU
		{0E1D51A9-8EAC-4FA6-AFC8-B6B340E8B668}.Release|Any CPU.ActiveCfg = Release|Any CPU
		{0E1D51A9-8EAC-4FA6-AFC8-B6B340E8B668}.Release|Any CPU.Build.0 = Release|Any CPU
	EndGlobalSection
	GlobalSection(SolutionProperties) = preSolution
		HideSolutionNode = FALSE
	EndGlobalSection
	GlobalSection(ExtensibilityGlobals) = postSolution
		SolutionGuid = {2E44D040-2377-47EB-9977-C7F9437D4A0F}
	EndGlobalSection
EndGlobal
